<?xml version="1.0" encoding="utf-8"?>
<Project ToolsVersion="4.0" xmlns="http://schemas.microsoft.com/developer/msbuild/2003">
  <ItemGroup>
    <Filter Include="Resource Files">
      <UniqueIdentifier>{67DA6AB6-F800-4c08-8B7A-83BB121AAD01}</UniqueIdentifier>
      <Extensions>rc;ico;cur;bmp;dlg;rc2;rct;bin;rgs;gif;jpg;jpeg;jpe;resx;tiff;tif;png;wav;mfcribbon-ms</Extensions>
    </Filter>
    <Filter Include="Main">
      <UniqueIdentifier>{e4af6195-c034-4c4a-aea0-7cddaaac9dc6}</UniqueIdentifier>
    </Filter>
    <Filter Include="Source Files">
      <UniqueIdentifier>{93995380-89BD-4b04-88EB-625FBE52EBFB}</UniqueIdentifier>
      <Extensions>h;hh;hpp;hxx;hm;inl;inc;xsd</Extensions>
    </Filter>
    <Filter Include="Source Files\State">
      <UniqueIdentifier>{75b86273-5fbd-42c0-a8aa-c218015c9080}</UniqueIdentifier>
    </Filter>
    <Filter Include="Source Files\State\StateCPP">
      <UniqueIdentifier>{4ab93206-628d-4174-ab0b-3ea2700f4049}</UniqueIdentifier>
    </Filter>
    <Filter Include="Source Files\Map">
      <UniqueIdentifier>{3989e914-81aa-4845-935b-21049bb248a3}</UniqueIdentifier>
    </Filter>
    <Filter Include="Source Files\Map\MapCPP">
      <UniqueIdentifier>{f8c023fa-47d8-4f1f-9d00-9a6720de1072}</UniqueIdentifier>
    </Filter>
    <Filter Include="Source Files\Player">
      <UniqueIdentifier>{9d7b7b29-1689-4bf3-b2ba-f57c3f0acb97}</UniqueIdentifier>
    </Filter>
    <Filter Include="Source Files\AI">
      <UniqueIdentifier>{87176cc8-7bba-4512-b128-5f6e9ce85a9b}</UniqueIdentifier>
    </Filter>
    <Filter Include="Source Files\Util">
      <UniqueIdentifier>{56559b7b-fa5e-4ab1-b4c2-44d5891e4f9b}</UniqueIdentifier>
    </Filter>
  </ItemGroup>
  <ItemGroup>
    <ClInclude Include="H.h">
      <Filter>Source Files</Filter>
    </ClInclude>
    <ClInclude Include="Escape.h">
      <Filter>Source Files\State</Filter>
    </ClInclude>
    <ClInclude Include="Patrol.h">
      <Filter>Source Files\State</Filter>
    </ClInclude>
    <ClInclude Include="State.h">
      <Filter>Source Files\State</Filter>
    </ClInclude>
    <ClInclude Include="Trace.h">
      <Filter>Source Files\State</Filter>
    </ClInclude>
    <ClInclude Include="Item.h">
      <Filter>Source Files\Map</Filter>
    </ClInclude>
    <ClInclude Include="ItemList.h">
      <Filter>Source Files\Map</Filter>
    </ClInclude>
    <ClInclude Include="GameMap.h">
      <Filter>Source Files\Map</Filter>
    </ClInclude>
    <ClInclude Include="MyCursor.h">
      <Filter>Source Files\Player</Filter>
    </ClInclude>
    <ClInclude Include="AICharacter.h">
      <Filter>Source Files\AI</Filter>
    </ClInclude>
    <ClInclude Include="util.h">
      <Filter>Source Files\Util</Filter>
    </ClInclude>
  </ItemGroup>
  <ItemGroup>
    <ClCompile Include="mainProc.cpp">
      <Filter>Main</Filter>
    </ClCompile>
    <ClCompile Include="Escape.cpp">
      <Filter>Source Files\State\StateCPP</Filter>
    </ClCompile>
    <ClCompile Include="Patrol.cpp">
      <Filter>Source Files\State\StateCPP</Filter>
    </ClCompile>
    <ClCompile Include="Trace.cpp">
      <Filter>Source Files\State\StateCPP</Filter>
    </ClCompile>
    <ClCompile Include="GameMap.cpp">
      <Filter>Source Files\Map\MapCPP</Filter>
    </ClCompile>
    <ClCompile Include="ItemList.cpp">
      <Filter>Source Files\Map\MapCPP</Filter>
    </ClCompile>
    <ClCompile Include="Item.cpp">
      <Filter>Source Files\Map\MapCPP</Filter>
    </ClCompile>
    <ClCompile Include="MyCursor.cpp">
      <Filter>Source Files\Player</Filter>
    </ClCompile>
    <ClCompile Include="AICharacter.cpp">
      <Filter>Source Files\AI</Filter>
    </ClCompile>
    <ClCompile Include="util.cpp">
      <Filter>Source Files\Util</Filter>
    </ClCompile>
  </ItemGroup>
</Project>